
Microsoft Visual Studio Solution File, Format Version 12.00
# Visual Studio Version 16
VisualStudioVersion = 16.0.31005.135
MinimumVisualStudioVersion = 10.0.40219.1
Project("{FAE04EC0-301F-11D3-BF4B-00C04F79EFBC}") = "seaFight", "seaFight\seaFight.csproj", "{02708B61-6E98-41C5-87C7-1F96C0258071}"
EndProject
Global
	GlobalSection(SolutionConfigurationPlatforms) = preSolution
		Debug|Any CPU = Debug|Any CPU
		Release|Any CPU = Release|Any CPU
	EndGlobalSection
	GlobalSection(ProjectConfigurationPlatforms) = postSolution
		{02708B61-6E98-41C5-87C7-1F96C0258071}.Debug|Any CPU.ActiveCfg = Debug|Any CPU
		{02708B61-6E98-41C5-87C7-1F96C0258071}.Debug|Any CPU.Build.0 = Debug|Any CPU
		{02708B61-6E98-41C5-87C7-1F96C0258071}.Release|Any CPU.ActiveCfg = Release|Any CPU
		{02708B61-6E98-41C5-87C7-1F96C0258071}.Release|Any CPU.Build.0 = Release|Any CPU
	EndGlobalSection
	GlobalSection(SolutionProperties) = preSolution
		HideSolutionNode = FALSE
	EndGlobalSection
	GlobalSection(ExtensibilityGlobals) = postSolution
		SolutionGuid = {9E484D92-18ED-4508-A855-822148BF7482}
	EndGlobalSection
EndGlobal
